
Microsoft Visual Studio Solution File, Format Version 12.00
# Visual Studio Version 16
VisualStudioVersion = 16.0.30104.148
MinimumVisualStudioVersion = 10.0.40219.1
Project("{FAE04EC0-301F-11D3-BF4B-00C04F79EFBC}") = "ByteBank", "ByteBank.csproj", "{BBABCB13-244C-4627-A14A-12F3EBD2CF80}"
EndProject
Global
	GlobalSection(SolutionConfigurationPlatforms) = preSolution
		Debug|Any CPU = Debug|Any CPU
		Release|Any CPU = Release|Any CPU
	EndGlobalSection
	GlobalSection(ProjectConfigurationPlatforms) = postSolution
		{BBABCB13-244C-4627-A14A-12F3EBD2CF80}.Debug|Any CPU.ActiveCfg = Debug|Any CPU
		{BBABCB13-244C-4627-A14A-12F3EBD2CF80}.Debug|Any CPU.Build.0 = Debug|Any CPU
		{BBABCB13-244C-4627-A14A-12F3EBD2CF80}.Release|Any CPU.ActiveCfg = Release|Any CPU
		{BBABCB13-244C-4627-A14A-12F3EBD2CF80}.Release|Any CPU.Build.0 = Release|Any CPU
	EndGlobalSection
	GlobalSection(SolutionProperties) = preSolution
		HideSolutionNode = FALSE
	EndGlobalSection
	GlobalSection(ExtensibilityGlobals) = postSolution
		SolutionGuid = {B2AA6008-A385-4D02-ACD7-0B1541ABC6FD}
	EndGlobalSection
EndGlobal
