
Microsoft Visual Studio Solution File, Format Version 12.00
# Visual Studio Version 17
VisualStudioVersion = 17.8.34330.188
MinimumVisualStudioVersion = 10.0.40219.1
Project("{FAE04EC0-301F-11D3-BF4B-00C04F79EFBC}") = "SpaUserControl.Domain", "SpaUserControl.Domain\SpaUserControl.Domain.csproj", "{FAEB7D7F-D19D-4E15-8598-A83337322FF1}"
EndProject
Project("{FAE04EC0-301F-11D3-BF4B-00C04F79EFBC}") = "ConsoleApp2", "ConsoleApp2\ConsoleApp2.csproj", "{90A4DAEA-0521-47E3-95D7-ACD4DB808C1F}"
EndProject
Project("{FAE04EC0-301F-11D3-BF4B-00C04F79EFBC}") = "SpaUserControl.Common", "SpaUserControl.Common\SpaUserControl.Common.csproj", "{51E6515A-A2CE-42CC-BA3B-F5A164226573}"
EndProject
Global
	GlobalSection(SolutionConfigurationPlatforms) = preSolution
		Debug|Any CPU = Debug|Any CPU
		Release|Any CPU = Release|Any CPU
	EndGlobalSection
	GlobalSection(ProjectConfigurationPlatforms) = postSolution
		{FAEB7D7F-D19D-4E15-8598-A83337322FF1}.Debug|Any CPU.ActiveCfg = Debug|Any CPU
		{FAEB7D7F-D19D-4E15-8598-A83337322FF1}.Debug|Any CPU.Build.0 = Debug|Any CPU
		{FAEB7D7F-D19D-4E15-8598-A83337322FF1}.Release|Any CPU.ActiveCfg = Release|Any CPU
		{FAEB7D7F-D19D-4E15-8598-A83337322FF1}.Release|Any CPU.Build.0 = Release|Any CPU
		{90A4DAEA-0521-47E3-95D7-ACD4DB808C1F}.Debug|Any CPU.ActiveCfg = Debug|Any CPU
		{90A4DAEA-0521-47E3-95D7-ACD4DB808C1F}.Debug|Any CPU.Build.0 = Debug|Any CPU
		{90A4DAEA-0521-47E3-95D7-ACD4DB808C1F}.Release|Any CPU.ActiveCfg = Release|Any CPU
		{90A4DAEA-0521-47E3-95D7-ACD4DB808C1F}.Release|Any CPU.Build.0 = Release|Any CPU
		{51E6515A-A2CE-42CC-BA3B-F5A164226573}.Debug|Any CPU.ActiveCfg = Debug|Any CPU
		{51E6515A-A2CE-42CC-BA3B-F5A164226573}.Debug|Any CPU.Build.0 = Debug|Any CPU
		{51E6515A-A2CE-42CC-BA3B-F5A164226573}.Release|Any CPU.ActiveCfg = Release|Any CPU
		{51E6515A-A2CE-42CC-BA3B-F5A164226573}.Release|Any CPU.Build.0 = Release|Any CPU
	EndGlobalSection
	GlobalSection(SolutionProperties) = preSolution
		HideSolutionNode = FALSE
	EndGlobalSection
	GlobalSection(ExtensibilityGlobals) = postSolution
		SolutionGuid = {866B3F5D-C3B9-42AA-BD4C-6DA280821F6B}
	EndGlobalSection
EndGlobal
