
Microsoft Visual Studio Solution File, Format Version 12.00
# Visual Studio Version 16
VisualStudioVersion = 16.0.31205.134
MinimumVisualStudioVersion = 10.0.40219.1
Project("{FAE04EC0-301F-11D3-BF4B-00C04F79EFBC}") = "stravaAPI", "stravaAPI\stravaAPI.csproj", "{5A323566-90FB-4618-914C-75334F166CF6}"
EndProject
Global
	GlobalSection(SolutionConfigurationPlatforms) = preSolution
		Debug|Any CPU = Debug|Any CPU
		Release|Any CPU = Release|Any CPU
	EndGlobalSection
	GlobalSection(ProjectConfigurationPlatforms) = postSolution
		{5A323566-90FB-4618-914C-75334F166CF6}.Debug|Any CPU.ActiveCfg = Debug|Any CPU
		{5A323566-90FB-4618-914C-75334F166CF6}.Debug|Any CPU.Build.0 = Debug|Any CPU
		{5A323566-90FB-4618-914C-75334F166CF6}.Release|Any CPU.ActiveCfg = Release|Any CPU
		{5A323566-90FB-4618-914C-75334F166CF6}.Release|Any CPU.Build.0 = Release|Any CPU
	EndGlobalSection
	GlobalSection(SolutionProperties) = preSolution
		HideSolutionNode = FALSE
	EndGlobalSection
	GlobalSection(ExtensibilityGlobals) = postSolution
		SolutionGuid = {729E89B9-C23E-4E6C-9B16-98056697FDE6}
	EndGlobalSection
EndGlobal
