
Microsoft Visual Studio Solution File, Format Version 12.00
# Visual Studio Version 16
VisualStudioVersion = 16.0.30225.117
MinimumVisualStudioVersion = 10.0.40219.1
Project("{FAE04EC0-301F-11D3-BF4B-00C04F79EFBC}") = "Splunk", "Splunk\Splunk.csproj", "{838AA41B-2C24-4437-9676-8E2D993B2E9F}"
EndProject
Global
	GlobalSection(SolutionConfigurationPlatforms) = preSolution
		Debug|Any CPU = Debug|Any CPU
		Release|Any CPU = Release|Any CPU
	EndGlobalSection
	GlobalSection(ProjectConfigurationPlatforms) = postSolution
		{838AA41B-2C24-4437-9676-8E2D993B2E9F}.Debug|Any CPU.ActiveCfg = Debug|Any CPU
		{838AA41B-2C24-4437-9676-8E2D993B2E9F}.Debug|Any CPU.Build.0 = Debug|Any CPU
		{838AA41B-2C24-4437-9676-8E2D993B2E9F}.Release|Any CPU.ActiveCfg = Release|Any CPU
		{838AA41B-2C24-4437-9676-8E2D993B2E9F}.Release|Any CPU.Build.0 = Release|Any CPU
	EndGlobalSection
	GlobalSection(SolutionProperties) = preSolution
		HideSolutionNode = FALSE
	EndGlobalSection
	GlobalSection(ExtensibilityGlobals) = postSolution
		SolutionGuid = {A2887B6B-135F-4D28-BBFB-80D971C738E8}
	EndGlobalSection
EndGlobal
