
Microsoft Visual Studio Solution File, Format Version 12.00
# Visual Studio Version 16
VisualStudioVersion = 16.0.30225.117
MinimumVisualStudioVersion = 10.0.40219.1
Project("{FAE04EC0-301F-11D3-BF4B-00C04F79EFBC}") = "AppVS", "AppVS\AppVS.csproj", "{58BEE9CD-C6EB-454F-B472-4D1792EF5202}"
EndProject
Global
	GlobalSection(SolutionConfigurationPlatforms) = preSolution
		Debug|Any CPU = Debug|Any CPU
		Release|Any CPU = Release|Any CPU
	EndGlobalSection
	GlobalSection(ProjectConfigurationPlatforms) = postSolution
		{58BEE9CD-C6EB-454F-B472-4D1792EF5202}.Debug|Any CPU.ActiveCfg = Debug|Any CPU
		{58BEE9CD-C6EB-454F-B472-4D1792EF5202}.Debug|Any CPU.Build.0 = Debug|Any CPU
		{58BEE9CD-C6EB-454F-B472-4D1792EF5202}.Release|Any CPU.ActiveCfg = Release|Any CPU
		{58BEE9CD-C6EB-454F-B472-4D1792EF5202}.Release|Any CPU.Build.0 = Release|Any CPU
	EndGlobalSection
	GlobalSection(SolutionProperties) = preSolution
		HideSolutionNode = FALSE
	EndGlobalSection
	GlobalSection(ExtensibilityGlobals) = postSolution
		SolutionGuid = {08186022-F3BE-45BB-93BC-5305DF53BAB2}
	EndGlobalSection
EndGlobal
